# This file is automatically @generated by Cargo.
# It is not intended for manual editing.
version = 3

[[package]]
name = "aho-corasick"
version = "0.7.19"
source = "registry+https://github.com/rust-lang/crates.io-index"
checksum = "b4f55bd91a0978cbfd91c457a164bab8b4001c833b7f323132c0a4e1922dd44e"
dependencies = [
 "memchr",
]

[[package]]
name = "alsa"
version = "0.6.0"
source = "registry+https://github.com/rust-lang/crates.io-index"
checksum = "5915f52fe2cf65e83924d037b6c5290b7cee097c6b5c8700746e6168a343fd6b"
dependencies = [
 "alsa-sys",
 "bitflags",
 "libc",
 "nix",
]

[[package]]
name = "alsa-sys"
version = "0.3.1"
source = "registry+https://github.com/rust-lang/crates.io-index"
checksum = "db8fee663d06c4e303404ef5f40488a53e062f89ba8bfed81f42325aafad1527"
dependencies = [
 "libc",
 "pkg-config",
]

[[package]]
name = "ansi_term"
version = "0.12.1"
source = "registry+https://github.com/rust-lang/crates.io-index"
checksum = "d52a9bb7ec0cf484c551830a7ce27bd20d67eac647e1befb56b0be4ee39a55d2"
dependencies = [
 "winapi",
]

[[package]]
name = "anyhow"
version = "1.0.64"
source = "registry+https://github.com/rust-lang/crates.io-index"
checksum = "b9a8f622bcf6ff3df478e9deba3e03e4e04b300f8e6a139e192c05fa3490afc7"

[[package]]
name = "arc-swap"
version = "1.5.1"
source = "registry+https://github.com/rust-lang/crates.io-index"
checksum = "983cd8b9d4b02a6dc6ffa557262eb5858a27a0038ffffe21a0f133eaa819a164"

[[package]]
name = "async-trait"
version = "0.1.57"
source = "registry+https://github.com/rust-lang/crates.io-index"
checksum = "76464446b8bc32758d7e88ee1a804d9914cd9b1cb264c029899680b0be29826f"
dependencies = [
 "proc-macro2",
 "quote",
 "syn",
]

[[package]]
name = "atty"
version = "0.2.14"
source = "registry+https://github.com/rust-lang/crates.io-index"
checksum = "d9b39be18770d11421cdb1b9947a45dd3f37e93092cbf377614828a319d5fee8"
dependencies = [
 "hermit-abi",
 "libc",
 "winapi",
]

[[package]]
name = "audiopus"
version = "0.2.0"
source = "registry+https://github.com/rust-lang/crates.io-index"
checksum = "3743519567e9135cf6f9f1a509851cb0c8e4cb9d66feb286668afb1923bec458"
dependencies = [
 "audiopus_sys",
]

[[package]]
name = "audiopus_sys"
version = "0.1.8"
source = "registry+https://github.com/rust-lang/crates.io-index"
checksum = "927791de46f70facea982dbfaf19719a41ce6064443403be631a85de6a58fff9"
dependencies = [
 "log",
 "pkg-config",
]

[[package]]
name = "autocfg"
version = "1.1.0"
source = "registry+https://github.com/rust-lang/crates.io-index"
checksum = "d468802bab17cbc0cc575e9b053f41e72aa36bfa6b7f55e3529ffa43161b97fa"

[[package]]
name = "bindgen"
version = "0.59.2"
source = "registry+https://github.com/rust-lang/crates.io-index"
checksum = "2bd2a9a458e8f4304c52c43ebb0cfbd520289f8379a52e329a38afda99bf8eb8"
dependencies = [
 "bitflags",
 "cexpr",
 "clang-sys",
 "lazy_static",
 "lazycell",
 "peeking_take_while",
 "proc-macro2",
 "quote",
 "regex",
 "rustc-hash",
 "shlex",
]

[[package]]
name = "bitflags"
version = "1.3.2"
source = "registry+https://github.com/rust-lang/crates.io-index"
checksum = "bef38d45163c2f1dde094a7dfd33ccf595c92905c8f8f4fdc18d06fb1037718a"

[[package]]
name = "bumpalo"
version = "3.11.0"
source = "registry+https://github.com/rust-lang/crates.io-index"
checksum = "c1ad822118d20d2c234f427000d5acc36eabe1e29a348c89b63dd60b13f28e5d"

[[package]]
name = "byteorder"
version = "1.4.3"
source = "registry+https://github.com/rust-lang/crates.io-index"
checksum = "14c189c53d098945499cdfa7ecc63567cf3886b3332b312a5b4585d8d3a6a610"

[[package]]
name = "bytes"
version = "1.2.1"
source = "registry+https://github.com/rust-lang/crates.io-index"
checksum = "ec8a7b6a70fde80372154c65702f00a0f56f3e1c36abbc6c440484be248856db"

[[package]]
name = "cc"
version = "1.0.73"
source = "registry+https://github.com/rust-lang/crates.io-index"
checksum = "2fff2a6927b3bb87f9595d67196a70493f627687a71d87a0d692242c33f58c11"
dependencies = [
 "jobserver",
]

[[package]]
name = "cesu8"
version = "1.1.0"
source = "registry+https://github.com/rust-lang/crates.io-index"
checksum = "6d43a04d8753f35258c91f8ec639f792891f748a1edbd759cf1dcea3382ad83c"

[[package]]
name = "cexpr"
version = "0.6.0"
source = "registry+https://github.com/rust-lang/crates.io-index"
checksum = "6fac387a98bb7c37292057cffc56d62ecb629900026402633ae9160df93a8766"
dependencies = [
 "nom",
]

[[package]]
name = "cfg-if"
version = "1.0.0"
source = "registry+https://github.com/rust-lang/crates.io-index"
checksum = "baf1de4339761588bc0619e3cbc0120ee582ebb74b53b4efbf79117bd2da40fd"

[[package]]
name = "clang-sys"
version = "1.3.3"
source = "registry+https://github.com/rust-lang/crates.io-index"
checksum = "5a050e2153c5be08febd6734e29298e844fdb0fa21aeddd63b4eb7baa106c69b"
dependencies = [
 "glob",
 "libc",
 "libloading",
]

[[package]]
name = "clap"
version = "2.34.0"
source = "registry+https://github.com/rust-lang/crates.io-index"
checksum = "a0610544180c38b88101fecf2dd634b174a62eef6946f84dfc6a7127512b381c"
dependencies = [
 "ansi_term",
 "atty",
 "bitflags",
 "strsim 0.8.0",
 "textwrap",
 "unicode-width",
 "vec_map",
]

[[package]]
name = "combine"
version = "4.6.6"
source = "registry+https://github.com/rust-lang/crates.io-index"
checksum = "35ed6e9d84f0b51a7f52daf1c7d71dd136fd7a3f41a8462b8cdb8c78d920fad4"
dependencies = [
 "bytes",
 "memchr",
]

[[package]]
name = "core-foundation-sys"
version = "0.8.3"
source = "registry+https://github.com/rust-lang/crates.io-index"
checksum = "5827cebf4670468b8772dd191856768aedcb1b0278a04f989f7766351917b9dc"

[[package]]
name = "coreaudio-rs"
version = "0.10.0"
source = "registry+https://github.com/rust-lang/crates.io-index"
checksum = "11894b20ebfe1ff903cbdc52259693389eea03b94918a2def2c30c3bf227ad88"
dependencies = [
 "bitflags",
 "coreaudio-sys",
]

[[package]]
name = "coreaudio-sys"
version = "0.2.10"
source = "registry+https://github.com/rust-lang/crates.io-index"
checksum = "3dff444d80630d7073077d38d40b4501fd518bd2b922c2a55edcc8b0f7be57e6"
dependencies = [
 "bindgen",
]

[[package]]
name = "cpal"
version = "0.13.5"
source = "registry+https://github.com/rust-lang/crates.io-index"
checksum = "74117836a5124f3629e4b474eed03e479abaf98988b4bb317e29f08cfe0e4116"
dependencies = [
 "alsa",
 "core-foundation-sys",
 "coreaudio-rs",
 "jni",
 "js-sys",
 "lazy_static",
 "libc",
 "mach",
 "ndk",
 "ndk-glue",
 "nix",
 "oboe",
 "parking_lot",
 "stdweb",
 "thiserror",
 "web-sys",
 "winapi",
]

[[package]]
name = "crossbeam-channel"
version = "0.5.6"
source = "registry+https://github.com/rust-lang/crates.io-index"
checksum = "c2dd04ddaf88237dc3b8d8f9a3c1004b506b54b3313403944054d23c0870c521"
dependencies = [
 "cfg-if",
 "crossbeam-utils",
]

[[package]]
name = "crossbeam-utils"
version = "0.8.11"
source = "registry+https://github.com/rust-lang/crates.io-index"
checksum = "51887d4adc7b564537b15adcfb307936f8075dfcd5f00dde9a9f1d29383682bc"
dependencies = [
 "cfg-if",
 "once_cell",
]

[[package]]
name = "darling"
version = "0.13.4"
source = "registry+https://github.com/rust-lang/crates.io-index"
checksum = "a01d95850c592940db9b8194bc39f4bc0e89dee5c4265e4b1807c34a9aba453c"
dependencies = [
 "darling_core",
 "darling_macro",
]

[[package]]
name = "darling_core"
version = "0.13.4"
source = "registry+https://github.com/rust-lang/crates.io-index"
checksum = "859d65a907b6852c9361e3185c862aae7fafd2887876799fa55f5f99dc40d610"
dependencies = [
 "fnv",
 "ident_case",
 "proc-macro2",
 "quote",
 "strsim 0.10.0",
 "syn",
]

[[package]]
name = "darling_macro"
version = "0.13.4"
source = "registry+https://github.com/rust-lang/crates.io-index"
checksum = "9c972679f83bdf9c42bd905396b6c3588a843a17f0f16dfcfa3e2c5d57441835"
dependencies = [
 "darling_core",
 "quote",
 "syn",
]

[[package]]
name = "dasp_envelope"
version = "0.11.0"
source = "registry+https://github.com/rust-lang/crates.io-index"
checksum = "8ec617ce7016f101a87fe85ed44180839744265fae73bb4aa43e7ece1b7668b6"
dependencies = [
 "dasp_frame",
 "dasp_peak",
 "dasp_ring_buffer",
 "dasp_rms",
 "dasp_sample",
]

[[package]]
name = "dasp_frame"
version = "0.11.0"
source = "registry+https://github.com/rust-lang/crates.io-index"
checksum = "b2a3937f5fe2135702897535c8d4a5553f8b116f76c1529088797f2eee7c5cd6"
dependencies = [
 "dasp_sample",
]

[[package]]
name = "dasp_interpolate"
version = "0.11.0"
source = "registry+https://github.com/rust-lang/crates.io-index"
checksum = "7fc975a6563bb7ca7ec0a6c784ead49983a21c24835b0bc96eea11ee407c7486"
dependencies = [
 "dasp_frame",
 "dasp_ring_buffer",
 "dasp_sample",
]

[[package]]
name = "dasp_peak"
version = "0.11.0"
source = "registry+https://github.com/rust-lang/crates.io-index"
checksum = "5cf88559d79c21f3d8523d91250c397f9a15b5fc72fbb3f87fdb0a37b79915bf"
dependencies = [
 "dasp_frame",
 "dasp_sample",
]

[[package]]
name = "dasp_ring_buffer"
version = "0.11.0"
source = "registry+https://github.com/rust-lang/crates.io-index"
checksum = "07d79e19b89618a543c4adec9c5a347fe378a19041699b3278e616e387511ea1"

[[package]]
name = "dasp_rms"
version = "0.11.0"
source = "registry+https://github.com/rust-lang/crates.io-index"
checksum = "a6c5dcb30b7e5014486e2822537ea2beae50b19722ffe2ed7549ab03774575aa"
dependencies = [
 "dasp_frame",
 "dasp_ring_buffer",
 "dasp_sample",
]

[[package]]
name = "dasp_sample"
version = "0.11.0"
source = "registry+https://github.com/rust-lang/crates.io-index"
checksum = "0c87e182de0887fd5361989c677c4e8f5000cd9491d6d563161a8f3a5519fc7f"

[[package]]
name = "dasp_signal"
version = "0.11.0"
source = "registry+https://github.com/rust-lang/crates.io-index"
checksum = "aa1ab7d01689c6ed4eae3d38fe1cea08cba761573fbd2d592528d55b421077e7"
dependencies = [
 "dasp_envelope",
 "dasp_frame",
 "dasp_interpolate",
 "dasp_peak",
 "dasp_ring_buffer",
 "dasp_rms",
 "dasp_sample",
 "dasp_window",
]

[[package]]
name = "dasp_window"
version = "0.11.1"
source = "registry+https://github.com/rust-lang/crates.io-index"
checksum = "99ded7b88821d2ce4e8b842c9f1c86ac911891ab89443cc1de750cae764c5076"
dependencies = [
 "dasp_sample",
]

[[package]]
name = "derivative"
version = "2.2.0"
source = "registry+https://github.com/rust-lang/crates.io-index"
checksum = "fcc3dd5e9e9c0b295d6e1e4d811fb6f157d5ffd784b8d202fc62eac8035a770b"
dependencies = [
 "proc-macro2",
 "quote",
 "syn",
]

[[package]]
name = "dirs-next"
version = "2.0.0"
source = "registry+https://github.com/rust-lang/crates.io-index"
checksum = "b98cf8ebf19c3d1b223e151f99a4f9f0690dca41414773390fc824184ac833e1"
dependencies = [
 "cfg-if",
 "dirs-sys-next",
]

[[package]]
name = "dirs-sys-next"
version = "0.1.2"
source = "registry+https://github.com/rust-lang/crates.io-index"
checksum = "4ebda144c4fe02d1f7ea1a7d9641b6fc6b580adcfa024ae48797ecdeb6825b4d"
dependencies = [
 "libc",
 "redox_users",
 "winapi",
]

[[package]]
name = "fnv"
version = "1.0.7"
source = "registry+https://github.com/rust-lang/crates.io-index"
checksum = "3f9eec918d3f24069decb9af1554cad7c880e2da24a9afd88aca000531ab82c1"

[[package]]
name = "futures"
version = "0.3.24"
source = "registry+https://github.com/rust-lang/crates.io-index"
checksum = "7f21eda599937fba36daeb58a22e8f5cee2d14c4a17b5b7739c7c8e5e3b8230c"
dependencies = [
 "futures-channel",
 "futures-core",
 "futures-executor",
 "futures-io",
 "futures-sink",
 "futures-task",
 "futures-util",
]

[[package]]
name = "futures-channel"
version = "0.3.24"
source = "registry+https://github.com/rust-lang/crates.io-index"
checksum = "30bdd20c28fadd505d0fd6712cdfcb0d4b5648baf45faef7f852afb2399bb050"
dependencies = [
 "futures-core",
 "futures-sink",
]

[[package]]
name = "futures-core"
version = "0.3.24"
source = "registry+https://github.com/rust-lang/crates.io-index"
checksum = "4e5aa3de05362c3fb88de6531e6296e85cde7739cccad4b9dfeeb7f6ebce56bf"

[[package]]
name = "futures-executor"
version = "0.3.24"
source = "registry+https://github.com/rust-lang/crates.io-index"
checksum = "9ff63c23854bee61b6e9cd331d523909f238fc7636290b96826e9cfa5faa00ab"
dependencies = [
 "futures-core",
 "futures-task",
 "futures-util",
]

[[package]]
name = "futures-io"
version = "0.3.24"
source = "registry+https://github.com/rust-lang/crates.io-index"
checksum = "bbf4d2a7a308fd4578637c0b17c7e1c7ba127b8f6ba00b29f717e9655d85eb68"

[[package]]
name = "futures-macro"
version = "0.3.24"
source = "registry+https://github.com/rust-lang/crates.io-index"
checksum = "42cd15d1c7456c04dbdf7e88bcd69760d74f3a798d6444e16974b505b0e62f17"
dependencies = [
 "proc-macro2",
 "quote",
 "syn",
]

[[package]]
name = "futures-sink"
version = "0.3.24"
source = "registry+https://github.com/rust-lang/crates.io-index"
checksum = "21b20ba5a92e727ba30e72834706623d94ac93a725410b6a6b6fbc1b07f7ba56"

[[package]]
name = "futures-task"
version = "0.3.24"
source = "registry+https://github.com/rust-lang/crates.io-index"
checksum = "a6508c467c73851293f390476d4491cf4d227dbabcd4170f3bb6044959b294f1"

[[package]]
name = "futures-test"
version = "0.3.24"
source = "registry+https://github.com/rust-lang/crates.io-index"
checksum = "1ee87d68bf5bca8a0270f477fa1ceab0fbdf735fa21ea17e617ed5381b634fa4"
dependencies = [
 "futures-core",
 "futures-executor",
 "futures-io",
 "futures-macro",
 "futures-sink",
 "futures-task",
 "futures-util",
 "pin-project",
 "pin-utils",
]

[[package]]
name = "futures-util"
version = "0.3.24"
source = "registry+https://github.com/rust-lang/crates.io-index"
checksum = "44fb6cb1be61cc1d2e43b262516aafcf63b241cffdb1d3fa115f91d9c7b09c90"
dependencies = [
 "futures-channel",
 "futures-core",
 "futures-io",
 "futures-macro",
 "futures-sink",
 "futures-task",
 "memchr",
 "pin-project-lite",
 "pin-utils",
 "slab",
]

[[package]]
name = "getrandom"
version = "0.2.7"
source = "registry+https://github.com/rust-lang/crates.io-index"
checksum = "4eb1a864a501629691edf6c15a593b7a51eebaa1e8468e9ddc623de7c9b58ec6"
dependencies = [
 "cfg-if",
 "libc",
 "wasi",
]

[[package]]
name = "glob"
version = "0.3.0"
source = "registry+https://github.com/rust-lang/crates.io-index"
checksum = "9b919933a397b79c37e33b77bb2aa3dc8eb6e165ad809e58ff75bc7db2e34574"

[[package]]
name = "heck"
version = "0.3.3"
source = "registry+https://github.com/rust-lang/crates.io-index"
checksum = "6d621efb26863f0e9924c6ac577e8275e5e6b77455db64ffa6c65c904e9e132c"
dependencies = [
 "unicode-segmentation",
]

[[package]]
name = "hermit-abi"
version = "0.1.19"
source = "registry+https://github.com/rust-lang/crates.io-index"
checksum = "62b467343b94ba476dcb2500d242dadbb39557df889310ac77c5d99100aaac33"
dependencies = [
 "libc",
]

[[package]]
name = "ident_case"
version = "1.0.1"
source = "registry+https://github.com/rust-lang/crates.io-index"
checksum = "b9e0384b61958566e926dc50660321d12159025e767c18e043daf26b70104c39"

[[package]]
name = "instant"
version = "0.1.12"
source = "registry+https://github.com/rust-lang/crates.io-index"
checksum = "7a5bbe824c507c5da5956355e86a746d82e0e1464f65d862cc5e71da70e94b2c"
dependencies = [
 "cfg-if",
]

[[package]]
name = "itoa"
version = "1.0.3"
source = "registry+https://github.com/rust-lang/crates.io-index"
checksum = "6c8af84674fe1f223a982c933a0ee1086ac4d4052aa0fb8060c12c6ad838e754"

[[package]]
name = "jni"
version = "0.19.0"
source = "registry+https://github.com/rust-lang/crates.io-index"
checksum = "c6df18c2e3db7e453d3c6ac5b3e9d5182664d28788126d39b91f2d1e22b017ec"
dependencies = [
 "cesu8",
 "combine",
 "jni-sys",
 "log",
 "thiserror",
 "walkdir",
]

[[package]]
name = "jni-sys"
version = "0.3.0"
source = "registry+https://github.com/rust-lang/crates.io-index"
checksum = "8eaf4bc02d17cbdd7ff4c7438cafcdf7fb9a4613313ad11b4f8fefe7d3fa0130"

[[package]]
name = "jobserver"
version = "0.1.24"
source = "registry+https://github.com/rust-lang/crates.io-index"
checksum = "af25a77299a7f711a01975c35a6a424eb6862092cc2d6c72c4ed6cbc56dfc1fa"
dependencies = [
 "libc",
]

[[package]]
name = "js-sys"
version = "0.3.59"
source = "registry+https://github.com/rust-lang/crates.io-index"
checksum = "258451ab10b34f8af53416d1fdab72c22e805f0c92a1136d59470ec0b11138b2"
dependencies = [
 "wasm-bindgen",
]

[[package]]
name = "lazy_static"
version = "1.4.0"
source = "registry+https://github.com/rust-lang/crates.io-index"
checksum = "e2abad23fbc42b3700f2f279844dc832adb2b2eb069b2df918f455c4e18cc646"

[[package]]
name = "lazycell"
version = "1.3.0"
source = "registry+https://github.com/rust-lang/crates.io-index"
checksum = "830d08ce1d1d941e6b30645f1a0eb5643013d835ce3779a5fc208261dbe10f55"

[[package]]
name = "libc"
version = "0.2.132"
source = "registry+https://github.com/rust-lang/crates.io-index"
checksum = "8371e4e5341c3a96db127eb2465ac681ced4c433e01dd0e938adbef26ba93ba5"

[[package]]
name = "libloading"
version = "0.7.3"
source = "registry+https://github.com/rust-lang/crates.io-index"
checksum = "efbc0f03f9a775e9f6aed295c6a1ba2253c5757a9e03d55c6caa46a681abcddd"
dependencies = [
 "cfg-if",
 "winapi",
]

[[package]]
name = "lock_api"
version = "0.4.8"
source = "registry+https://github.com/rust-lang/crates.io-index"
checksum = "9f80bf5aacaf25cbfc8210d1cfb718f2bf3b11c4c54e5afe36c236853a8ec390"
dependencies = [
 "autocfg",
 "scopeguard",
]

[[package]]
name = "log"
version = "0.4.17"
source = "registry+https://github.com/rust-lang/crates.io-index"
checksum = "abb12e687cfb44aa40f41fc3978ef76448f9b6038cad6aef4259d3c095a2382e"
dependencies = [
 "cfg-if",
]

[[package]]
name = "mach"
version = "0.3.2"
source = "registry+https://github.com/rust-lang/crates.io-index"
checksum = "b823e83b2affd8f40a9ee8c29dbc56404c1e34cd2710921f2801e2cf29527afa"
dependencies = [
 "libc",
]

[[package]]
name = "memchr"
version = "2.5.0"
source = "registry+https://github.com/rust-lang/crates.io-index"
checksum = "2dffe52ecf27772e601905b7522cb4ef790d2cc203488bbd0e2fe85fcb74566d"

[[package]]
name = "memoffset"
version = "0.6.5"
source = "registry+https://github.com/rust-lang/crates.io-index"
checksum = "5aa361d4faea93603064a027415f07bd8e1d5c88c9fbf68bf56a285428fd79ce"
dependencies = [
 "autocfg",
]

[[package]]
name = "minimal-lexical"
version = "0.2.1"
source = "registry+https://github.com/rust-lang/crates.io-index"
checksum = "68354c5c6bd36d73ff3feceb05efa59b6acb7626617f4962be322a825e61f79a"

[[package]]
name = "mio"
version = "0.8.4"
source = "registry+https://github.com/rust-lang/crates.io-index"
checksum = "57ee1c23c7c63b0c9250c339ffdc69255f110b298b901b9f6c82547b7b87caaf"
dependencies = [
 "libc",
 "log",
 "wasi",
 "windows-sys",
]

[[package]]
name = "ndk"
version = "0.6.0"
source = "registry+https://github.com/rust-lang/crates.io-index"
checksum = "2032c77e030ddee34a6787a64166008da93f6a352b629261d0fee232b8742dd4"
dependencies = [
 "bitflags",
 "jni-sys",
 "ndk-sys",
 "num_enum",
 "thiserror",
]

[[package]]
name = "ndk-context"
version = "0.1.1"
source = "registry+https://github.com/rust-lang/crates.io-index"
checksum = "27b02d87554356db9e9a873add8782d4ea6e3e58ea071a9adb9a2e8ddb884a8b"

[[package]]
name = "ndk-glue"
version = "0.6.2"
source = "registry+https://github.com/rust-lang/crates.io-index"
checksum = "0d0c4a7b83860226e6b4183edac21851f05d5a51756e97a1144b7f5a6b63e65f"
dependencies = [
 "lazy_static",
 "libc",
 "log",
 "ndk",
 "ndk-context",
 "ndk-macro",
 "ndk-sys",
]

[[package]]
name = "ndk-macro"
version = "0.3.0"
source = "registry+https://github.com/rust-lang/crates.io-index"
checksum = "0df7ac00c4672f9d5aece54ee3347520b7e20f158656c7db2e6de01902eb7a6c"
dependencies = [
 "darling",
 "proc-macro-crate",
 "proc-macro2",
 "quote",
 "syn",
]

[[package]]
name = "ndk-sys"
version = "0.3.0"
source = "registry+https://github.com/rust-lang/crates.io-index"
checksum = "6e5a6ae77c8ee183dcbbba6150e2e6b9f3f4196a7666c02a715a95692ec1fa97"
dependencies = [
 "jni-sys",
]

[[package]]
name = "netsound"
version = "0.1.0"
dependencies = [
 "anyhow",
 "futures",
 "netsound-audio-backend-cpal",
 "netsound-codec-opus",
 "netsound-core",
 "slog",
 "slog-env-cfg",
 "slog-scope",
 "structopt",
 "tokio",
]

[[package]]
name = "netsound-audio-backend-cpal"
version = "0.1.0"
dependencies = [
 "async-trait",
 "cpal",
 "derivative",
 "futures",
 "netsound-core",
 "thiserror",
]

[[package]]
name = "netsound-codec-opus"
version = "0.1.0"
dependencies = [
 "async-trait",
 "audiopus",
 "netsound-core",
 "thiserror",
]

[[package]]
name = "netsound-core"
version = "0.1.0"
dependencies = [
 "anyhow",
 "async-trait",
 "byteorder",
 "dasp_frame",
 "dasp_interpolate",
 "dasp_sample",
 "dasp_signal",
 "derivative",
 "futures",
 "futures-test",
 "serde",
 "slog",
 "slog-env-cfg",
 "slog-scope",
 "slog-scope-futures",
 "slog_derive",
 "thiserror",
 "tokio",
]

[[package]]
name = "nix"
version = "0.23.1"
source = "registry+https://github.com/rust-lang/crates.io-index"
checksum = "9f866317acbd3a240710c63f065ffb1e4fd466259045ccb504130b7f668f35c6"
dependencies = [
 "bitflags",
 "cc",
 "cfg-if",
 "libc",
 "memoffset",
]

[[package]]
name = "nom"
version = "7.1.1"
source = "registry+https://github.com/rust-lang/crates.io-index"
checksum = "a8903e5a29a317527874d0402f867152a3d21c908bb0b933e416c65e301d4c36"
dependencies = [
 "memchr",
 "minimal-lexical",
]

[[package]]
name = "num-derive"
version = "0.3.3"
source = "registry+https://github.com/rust-lang/crates.io-index"
checksum = "876a53fff98e03a936a674b29568b0e605f06b29372c2489ff4de23f1949743d"
dependencies = [
 "proc-macro2",
 "quote",
 "syn",
]

[[package]]
name = "num-traits"
version = "0.2.15"
source = "registry+https://github.com/rust-lang/crates.io-index"
checksum = "578ede34cf02f8924ab9447f50c28075b4d3e5b269972345e7e0372b38c6cdcd"
dependencies = [
 "autocfg",
]

[[package]]
name = "num_cpus"
version = "1.13.1"
source = "registry+https://github.com/rust-lang/crates.io-index"
checksum = "19e64526ebdee182341572e50e9ad03965aa510cd94427a4549448f285e957a1"
dependencies = [
 "hermit-abi",
 "libc",
]

[[package]]
name = "num_enum"
version = "0.5.7"
source = "registry+https://github.com/rust-lang/crates.io-index"
checksum = "cf5395665662ef45796a4ff5486c5d41d29e0c09640af4c5f17fd94ee2c119c9"
dependencies = [
 "num_enum_derive",
]

[[package]]
name = "num_enum_derive"
version = "0.5.7"
source = "registry+https://github.com/rust-lang/crates.io-index"
checksum = "3b0498641e53dd6ac1a4f22547548caa6864cc4933784319cd1775271c5a46ce"
dependencies = [
 "proc-macro-crate",
 "proc-macro2",
 "quote",
 "syn",
]

[[package]]
name = "num_threads"
version = "0.1.6"
source = "registry+https://github.com/rust-lang/crates.io-index"
checksum = "2819ce041d2ee131036f4fc9d6ae7ae125a3a40e97ba64d04fe799ad9dabbb44"
dependencies = [
 "libc",
]

[[package]]
name = "oboe"
version = "0.4.6"
source = "registry+https://github.com/rust-lang/crates.io-index"
checksum = "27f63c358b4fa0fbcfefd7c8be5cfc39c08ce2389f5325687e7762a48d30a5c1"
dependencies = [
 "jni",
 "ndk",
 "ndk-context",
 "num-derive",
 "num-traits",
 "oboe-sys",
]

[[package]]
name = "oboe-sys"
version = "0.4.5"
source = "registry+https://github.com/rust-lang/crates.io-index"
checksum = "3370abb7372ed744232c12954d920d1a40f1c4686de9e79e800021ef492294bd"
dependencies = [
 "cc",
]

[[package]]
name = "once_cell"
version = "1.14.0"
source = "registry+https://github.com/rust-lang/crates.io-index"
checksum = "2f7254b99e31cad77da24b08ebf628882739a608578bb1bcdfc1f9c21260d7c0"

[[package]]
name = "parking_lot"
version = "0.11.2"
source = "registry+https://github.com/rust-lang/crates.io-index"
checksum = "7d17b78036a60663b797adeaee46f5c9dfebb86948d1255007a1d6be0271ff99"
dependencies = [
 "instant",
 "lock_api",
 "parking_lot_core",
]

[[package]]
name = "parking_lot_core"
version = "0.8.5"
source = "registry+https://github.com/rust-lang/crates.io-index"
checksum = "d76e8e1493bcac0d2766c42737f34458f1c8c50c0d23bcb24ea953affb273216"
dependencies = [
 "cfg-if",
 "instant",
 "libc",
 "redox_syscall",
 "smallvec",
 "winapi",
]

[[package]]
name = "paw"
version = "1.0.0"
source = "registry+https://github.com/rust-lang/crates.io-index"
checksum = "09c0fc9b564dbc3dc2ed7c92c0c144f4de340aa94514ce2b446065417c4084e9"
dependencies = [
 "paw-attributes",
 "paw-raw",
]

[[package]]
name = "paw-attributes"
version = "1.0.2"
source = "registry+https://github.com/rust-lang/crates.io-index"
checksum = "0f35583365be5d148e959284f42526841917b7bfa09e2d1a7ad5dde2cf0eaa39"
dependencies = [
 "proc-macro2",
 "quote",
 "syn",
]

[[package]]
name = "paw-raw"
version = "1.0.0"
source = "registry+https://github.com/rust-lang/crates.io-index"
checksum = "7f0b59668fe80c5afe998f0c0bf93322bf2cd66cafeeb80581f291716f3467f2"

[[package]]
name = "peeking_take_while"
version = "0.1.2"
source = "registry+https://github.com/rust-lang/crates.io-index"
checksum = "19b17cddbe7ec3f8bc800887bab5e717348c95ea2ca0b1bf0837fb964dc67099"

[[package]]
name = "pin-project"
version = "1.0.12"
source = "registry+https://github.com/rust-lang/crates.io-index"
checksum = "ad29a609b6bcd67fee905812e544992d216af9d755757c05ed2d0e15a74c6ecc"
dependencies = [
 "pin-project-internal",
]

[[package]]
name = "pin-project-internal"
version = "1.0.12"
source = "registry+https://github.com/rust-lang/crates.io-index"
checksum = "069bdb1e05adc7a8990dce9cc75370895fbe4e3d58b9b73bf1aee56359344a55"
dependencies = [
 "proc-macro2",
 "quote",
 "syn",
]

[[package]]
name = "pin-project-lite"
version = "0.2.9"
source = "registry+https://github.com/rust-lang/crates.io-index"
checksum = "e0a7ae3ac2f1173085d398531c705756c94a4c56843785df85a60c1a0afac116"

[[package]]
name = "pin-utils"
version = "0.1.0"
source = "registry+https://github.com/rust-lang/crates.io-index"
checksum = "8b870d8c151b6f2fb93e84a13146138f05d02ed11c7e7c54f8826aaaf7c9f184"

[[package]]
name = "pkg-config"
version = "0.3.25"
source = "registry+https://github.com/rust-lang/crates.io-index"
checksum = "1df8c4ec4b0627e53bdf214615ad287367e482558cf84b109250b37464dc03ae"

[[package]]
name = "proc-macro-crate"
version = "1.2.1"
source = "registry+https://github.com/rust-lang/crates.io-index"
checksum = "eda0fc3b0fb7c975631757e14d9049da17374063edb6ebbcbc54d880d4fe94e9"
dependencies = [
 "once_cell",
 "thiserror",
 "toml",
]

[[package]]
name = "proc-macro-error"
version = "1.0.4"
source = "registry+https://github.com/rust-lang/crates.io-index"
checksum = "da25490ff9892aab3fcf7c36f08cfb902dd3e71ca0f9f9517bea02a73a5ce38c"
dependencies = [
 "proc-macro-error-attr",
 "proc-macro2",
 "quote",
 "syn",
 "version_check",
]

[[package]]
name = "proc-macro-error-attr"
version = "1.0.4"
source = "registry+https://github.com/rust-lang/crates.io-index"
checksum = "a1be40180e52ecc98ad80b184934baf3d0d29f979574e439af5a55274b35f869"
dependencies = [
 "proc-macro2",
 "quote",
 "version_check",
]

[[package]]
name = "proc-macro2"
version = "1.0.43"
source = "registry+https://github.com/rust-lang/crates.io-index"
checksum = "0a2ca2c61bc9f3d74d2886294ab7b9853abd9c1ad903a3ac7815c58989bb7bab"
dependencies = [
 "unicode-ident",
]

[[package]]
name = "quote"
version = "1.0.21"
source = "registry+https://github.com/rust-lang/crates.io-index"
checksum = "bbe448f377a7d6961e30f5955f9b8d106c3f5e449d493ee1b125c1d43c2b5179"
dependencies = [
 "proc-macro2",
]

[[package]]
name = "redox_syscall"
version = "0.2.16"
source = "registry+https://github.com/rust-lang/crates.io-index"
checksum = "fb5a58c1855b4b6819d59012155603f0b22ad30cad752600aadfcb695265519a"
dependencies = [
 "bitflags",
]

[[package]]
name = "redox_users"
version = "0.4.3"
source = "registry+https://github.com/rust-lang/crates.io-index"
checksum = "b033d837a7cf162d7993aded9304e30a83213c648b6e389db233191f891e5c2b"
dependencies = [
 "getrandom",
 "redox_syscall",
 "thiserror",
]

[[package]]
name = "regex"
version = "1.6.0"
source = "registry+https://github.com/rust-lang/crates.io-index"
checksum = "4c4eb3267174b8c6c2f654116623910a0fef09c4753f8dd83db29c48a0df988b"
dependencies = [
 "aho-corasick",
 "memchr",
 "regex-syntax",
]

[[package]]
name = "regex-syntax"
version = "0.6.27"
source = "registry+https://github.com/rust-lang/crates.io-index"
checksum = "a3f87b73ce11b1619a3c6332f45341e0047173771e8b8b73f87bfeefb7b56244"

[[package]]
name = "rustc-hash"
version = "1.1.0"
source = "registry+https://github.com/rust-lang/crates.io-index"
checksum = "08d43f7aa6b08d49f382cde6a7982047c3426db949b1424bc4b7ec9ae12c6ce2"

[[package]]
name = "rustversion"
version = "1.0.9"
source = "registry+https://github.com/rust-lang/crates.io-index"
checksum = "97477e48b4cf8603ad5f7aaf897467cf42ab4218a38ef76fb14c2d6773a6d6a8"

[[package]]
name = "ryu"
version = "1.0.11"
source = "registry+https://github.com/rust-lang/crates.io-index"
checksum = "4501abdff3ae82a1c1b477a17252eb69cee9e66eb915c1abaa4f44d873df9f09"

[[package]]
name = "same-file"
version = "1.0.6"
source = "registry+https://github.com/rust-lang/crates.io-index"
checksum = "93fc1dc3aaa9bfed95e02e6eadabb4baf7e3078b0bd1b4d7b6b0b68378900502"
dependencies = [
 "winapi-util",
]

[[package]]
name = "scopeguard"
version = "1.1.0"
source = "registry+https://github.com/rust-lang/crates.io-index"
checksum = "d29ab0c6d3fc0ee92fe66e2d99f700eab17a8d57d1c1d3b748380fb20baa78cd"

[[package]]
name = "serde"
version = "1.0.144"
source = "registry+https://github.com/rust-lang/crates.io-index"
checksum = "0f747710de3dcd43b88c9168773254e809d8ddbdf9653b84e2554ab219f17860"
dependencies = [
 "serde_derive",
]

[[package]]
name = "serde_derive"
version = "1.0.144"
source = "registry+https://github.com/rust-lang/crates.io-index"
checksum = "94ed3a816fb1d101812f83e789f888322c34e291f894f19590dc310963e87a00"
dependencies = [
 "proc-macro2",
 "quote",
 "syn",
]

[[package]]
name = "serde_json"
version = "1.0.85"
source = "registry+https://github.com/rust-lang/crates.io-index"
checksum = "e55a28e3aaef9d5ce0506d0a14dbba8054ddc7e499ef522dd8b26859ec9d4a44"
dependencies = [
 "itoa",
 "ryu",
 "serde",
]

[[package]]
name = "shlex"
version = "1.1.0"
source = "registry+https://github.com/rust-lang/crates.io-index"
checksum = "43b2853a4d09f215c24cc5489c992ce46052d359b5109343cbafbf26bc62f8a3"

[[package]]
name = "slab"
version = "0.4.7"
source = "registry+https://github.com/rust-lang/crates.io-index"
checksum = "4614a76b2a8be0058caa9dbbaf66d988527d86d003c11a94fbd335d7661edcef"
dependencies = [
 "autocfg",
]

[[package]]
name = "slog"
version = "2.7.0"
source = "registry+https://github.com/rust-lang/crates.io-index"
checksum = "8347046d4ebd943127157b94d63abb990fcf729dc4e9978927fdf4ac3c998d06"

[[package]]
name = "slog-async"
version = "2.7.0"
source = "registry+https://github.com/rust-lang/crates.io-index"
checksum = "766c59b252e62a34651412870ff55d8c4e6d04df19b43eecb2703e417b097ffe"
dependencies = [
 "crossbeam-channel",
 "slog",
 "take_mut",
 "thread_local",
]

[[package]]
name = "slog-env-cfg"
version = "0.6.0"
source = "registry+https://github.com/rust-lang/crates.io-index"
checksum = "d436d73c5ddf0c9c3ba8e513ba17bd55fe8bbc36bdc1708b738329a3ca64bcc5"
dependencies = [
 "slog",
 "slog-async",
 "slog-envlogger",
 "slog-json",
 "slog-term",
]

[[package]]
name = "slog-envlogger"
version = "2.2.0"
source = "registry+https://github.com/rust-lang/crates.io-index"
checksum = "906a1a0bc43fed692df4b82a5e2fbfc3733db8dad8bb514ab27a4f23ad04f5c0"
dependencies = [
 "log",
 "regex",
 "slog",
 "slog-async",
 "slog-scope",
 "slog-stdlog",
 "slog-term",
]

[[package]]
name = "slog-json"
version = "2.6.1"
source = "registry+https://github.com/rust-lang/crates.io-index"
checksum = "3e1e53f61af1e3c8b852eef0a9dee29008f55d6dd63794f3f12cef786cf0f219"
dependencies = [
 "serde",
 "serde_json",
 "slog",
 "time",
]

[[package]]
name = "slog-scope"
version = "4.4.0"
source = "registry+https://github.com/rust-lang/crates.io-index"
checksum = "2f95a4b4c3274cd2869549da82b57ccc930859bdbf5bcea0424bc5f140b3c786"
dependencies = [
 "arc-swap",
 "lazy_static",
 "slog",
]

[[package]]
name = "slog-scope-futures"
version = "0.1.1"
source = "registry+https://github.com/rust-lang/crates.io-index"
checksum = "a0ad55b694ada4dc7097672e5a32fc16c35b183f9fa2531d17c7f07d25918eca"
dependencies = [
 "slog",
 "slog-scope",
]

[[package]]
name = "slog-stdlog"
version = "4.1.1"
source = "registry+https://github.com/rust-lang/crates.io-index"
checksum = "6706b2ace5bbae7291d3f8d2473e2bfab073ccd7d03670946197aec98471fa3e"
dependencies = [
 "log",
 "slog",
 "slog-scope",
]

[[package]]
name = "slog-term"
version = "2.9.0"
source = "registry+https://github.com/rust-lang/crates.io-index"
checksum = "87d29185c55b7b258b4f120eab00f48557d4d9bc814f41713f449d35b0f8977c"
dependencies = [
 "atty",
 "slog",
 "term",
 "thread_local",
 "time",
]

[[package]]
name = "slog_derive"
version = "0.2.0"
source = "registry+https://github.com/rust-lang/crates.io-index"
checksum = "a945ec7f7ce853e89ffa36be1e27dce9a43e82ff9093bf3461c30d5da74ed11b"
dependencies = [
 "proc-macro2",
 "quote",
 "syn",
]

[[package]]
name = "smallvec"
version = "1.9.0"
source = "registry+https://github.com/rust-lang/crates.io-index"
checksum = "2fd0db749597d91ff862fd1d55ea87f7855a744a8425a64695b6fca237d1dad1"

[[package]]
name = "socket2"
version = "0.4.7"
source = "registry+https://github.com/rust-lang/crates.io-index"
checksum = "02e2d2db9033d13a1567121ddd7a095ee144db4e1ca1b1bda3419bc0da294ebd"
dependencies = [
 "libc",
 "winapi",
]

[[package]]
name = "stdweb"
version = "0.1.3"
source = "registry+https://github.com/rust-lang/crates.io-index"
checksum = "ef5430c8e36b713e13b48a9f709cc21e046723fe44ce34587b73a830203b533e"

[[package]]
name = "strsim"
version = "0.8.0"
source = "registry+https://github.com/rust-lang/crates.io-index"
checksum = "8ea5119cdb4c55b55d432abb513a0429384878c15dde60cc77b1c99de1a95a6a"

[[package]]
name = "strsim"
version = "0.10.0"
source = "registry+https://github.com/rust-lang/crates.io-index"
checksum = "73473c0e59e6d5812c5dfe2a064a6444949f089e20eec9a2e5506596494e4623"

[[package]]
name = "structopt"
version = "0.3.26"
source = "registry+https://github.com/rust-lang/crates.io-index"
checksum = "0c6b5c64445ba8094a6ab0c3cd2ad323e07171012d9c98b0b15651daf1787a10"
dependencies = [
 "clap",
 "lazy_static",
 "paw",
 "structopt-derive",
]

[[package]]
name = "structopt-derive"
version = "0.4.18"
source = "registry+https://github.com/rust-lang/crates.io-index"
checksum = "dcb5ae327f9cc13b68763b5749770cb9e048a99bd9dfdfa58d0cf05d5f64afe0"
dependencies = [
 "heck",
 "proc-macro-error",
 "proc-macro2",
 "quote",
 "syn",
]

[[package]]
name = "syn"
version = "1.0.99"
source = "registry+https://github.com/rust-lang/crates.io-index"
checksum = "58dbef6ec655055e20b86b15a8cc6d439cca19b667537ac6a1369572d151ab13"
dependencies = [
 "proc-macro2",
 "quote",
 "unicode-ident",
]

[[package]]
name = "take_mut"
version = "0.2.2"
source = "registry+https://github.com/rust-lang/crates.io-index"
checksum = "f764005d11ee5f36500a149ace24e00e3da98b0158b3e2d53a7495660d3f4d60"

[[package]]
name = "term"
version = "0.7.0"
source = "registry+https://github.com/rust-lang/crates.io-index"
checksum = "c59df8ac95d96ff9bede18eb7300b0fda5e5d8d90960e76f8e14ae765eedbf1f"
dependencies = [
 "dirs-next",
 "rustversion",
 "winapi",
]

[[package]]
name = "textwrap"
version = "0.11.0"
source = "registry+https://github.com/rust-lang/crates.io-index"
checksum = "d326610f408c7a4eb6f51c37c330e496b08506c9457c9d34287ecc38809fb060"
dependencies = [
 "unicode-width",
]

[[package]]
name = "thiserror"
version = "1.0.34"
source = "registry+https://github.com/rust-lang/crates.io-index"
checksum = "8c1b05ca9d106ba7d2e31a9dab4a64e7be2cce415321966ea3132c49a656e252"
dependencies = [
 "thiserror-impl",
]

[[package]]
name = "thiserror-impl"
version = "1.0.34"
source = "registry+https://github.com/rust-lang/crates.io-index"
checksum = "e8f2591983642de85c921015f3f070c665a197ed69e417af436115e3a1407487"
dependencies = [
 "proc-macro2",
 "quote",
 "syn",
]

[[package]]
name = "thread_local"
version = "1.1.4"
source = "registry+https://github.com/rust-lang/crates.io-index"
checksum = "5516c27b78311c50bf42c071425c560ac799b11c30b31f87e3081965fe5e0180"
dependencies = [
 "once_cell",
]

[[package]]
name = "time"
version = "0.3.14"
source = "registry+https://github.com/rust-lang/crates.io-index"
checksum = "3c3f9a28b618c3a6b9251b6908e9c99e04b9e5c02e6581ccbb67d59c34ef7f9b"
dependencies = [
 "itoa",
 "libc",
 "num_threads",
 "time-macros",
]

[[package]]
name = "time-macros"
version = "0.2.4"
source = "registry+https://github.com/rust-lang/crates.io-index"
checksum = "42657b1a6f4d817cda8e7a0ace261fe0cc946cf3a80314390b22cc61ae080792"

[[package]]
name = "tokio"
version = "1.21.0"
source = "registry+https://github.com/rust-lang/crates.io-index"
checksum = "89797afd69d206ccd11fb0ea560a44bbb87731d020670e79416d442919257d42"
dependencies = [
 "autocfg",
 "bytes",
 "libc",
 "memchr",
 "mio",
 "num_cpus",
 "once_cell",
 "pin-project-lite",
 "socket2",
 "winapi",
]

[[package]]
name = "toml"
version = "0.5.9"
source = "registry+https://github.com/rust-lang/crates.io-index"
checksum = "8d82e1a7758622a465f8cee077614c73484dac5b836c02ff6a40d5d1010324d7"
dependencies = [
 "serde",
]

[[package]]
name = "unicode-ident"
version = "1.0.3"
source = "registry+https://github.com/rust-lang/crates.io-index"
checksum = "c4f5b37a154999a8f3f98cc23a628d850e154479cd94decf3414696e12e31aaf"

[[package]]
name = "unicode-segmentation"
version = "1.9.0"
source = "registry+https://github.com/rust-lang/crates.io-index"
checksum = "7e8820f5d777f6224dc4be3632222971ac30164d4a258d595640799554ebfd99"

[[package]]
name = "unicode-width"
version = "0.1.9"
source = "registry+https://github.com/rust-lang/crates.io-index"
checksum = "3ed742d4ea2bd1176e236172c8429aaf54486e7ac098db29ffe6529e0ce50973"

[[package]]
name = "vec_map"
version = "0.8.2"
source = "registry+https://github.com/rust-lang/crates.io-index"
checksum = "f1bddf1187be692e79c5ffeab891132dfb0f236ed36a43c7ed39f1165ee20191"

[[package]]
name = "version_check"
version = "0.9.4"
source = "registry+https://github.com/rust-lang/crates.io-index"
checksum = "49874b5167b65d7193b8aba1567f5c7d93d001cafc34600cee003eda787e483f"

[[package]]
name = "walkdir"
version = "2.3.2"
source = "registry+https://github.com/rust-lang/crates.io-index"
checksum = "808cf2735cd4b6866113f648b791c6adc5714537bc222d9347bb203386ffda56"
dependencies = [
 "same-file",
 "winapi",
 "winapi-util",
]

[[package]]
name = "wasi"
version = "0.11.0+wasi-snapshot-preview1"
source = "registry+https://github.com/rust-lang/crates.io-index"
checksum = "9c8d87e72b64a3b4db28d11ce29237c246188f4f51057d65a7eab63b7987e423"

[[package]]
name = "wasm-bindgen"
version = "0.2.82"
source = "registry+https://github.com/rust-lang/crates.io-index"
checksum = "fc7652e3f6c4706c8d9cd54832c4a4ccb9b5336e2c3bd154d5cccfbf1c1f5f7d"
dependencies = [
 "cfg-if",
 "wasm-bindgen-macro",
]

[[package]]
name = "wasm-bindgen-backend"
version = "0.2.82"
source = "registry+https://github.com/rust-lang/crates.io-index"
checksum = "662cd44805586bd52971b9586b1df85cdbbd9112e4ef4d8f41559c334dc6ac3f"
dependencies = [
 "bumpalo",
 "log",
 "once_cell",
 "proc-macro2",
 "quote",
 "syn",
 "wasm-bindgen-shared",
]

[[package]]
name = "wasm-bindgen-macro"
version = "0.2.82"
source = "registry+https://github.com/rust-lang/crates.io-index"
checksum = "b260f13d3012071dfb1512849c033b1925038373aea48ced3012c09df952c602"
dependencies = [
 "quote",
 "wasm-bindgen-macro-support",
]

[[package]]
name = "wasm-bindgen-macro-support"
version = "0.2.82"
source = "registry+https://github.com/rust-lang/crates.io-index"
checksum = "5be8e654bdd9b79216c2929ab90721aa82faf65c48cdf08bdc4e7f51357b80da"
dependencies = [
 "proc-macro2",
 "quote",
 "syn",
 "wasm-bindgen-backend",
 "wasm-bindgen-shared",
]

[[package]]
name = "wasm-bindgen-shared"
version = "0.2.82"
source = "registry+https://github.com/rust-lang/crates.io-index"
checksum = "6598dd0bd3c7d51095ff6531a5b23e02acdc81804e30d8f07afb77b7215a140a"

[[package]]
name = "web-sys"
version = "0.3.59"
source = "registry+https://github.com/rust-lang/crates.io-index"
checksum = "ed055ab27f941423197eb86b2035720b1a3ce40504df082cac2ecc6ed73335a1"
dependencies = [
 "js-sys",
 "wasm-bindgen",
]

[[package]]
name = "winapi"
version = "0.3.9"
source = "registry+https://github.com/rust-lang/crates.io-index"
checksum = "5c839a674fcd7a98952e593242ea400abe93992746761e38641405d28b00f419"
dependencies = [
 "winapi-i686-pc-windows-gnu",
 "winapi-x86_64-pc-windows-gnu",
]

[[package]]
name = "winapi-i686-pc-windows-gnu"
version = "0.4.0"
source = "registry+https://github.com/rust-lang/crates.io-index"
checksum = "ac3b87c63620426dd9b991e5ce0329eff545bccbbb34f3be09ff6fb6ab51b7b6"

[[package]]
name = "winapi-util"
version = "0.1.5"
source = "registry+https://github.com/rust-lang/crates.io-index"
checksum = "70ec6ce85bb158151cae5e5c87f95a8e97d2c0c4b001223f33a334e3ce5de178"
dependencies = [
 "winapi",
]

[[package]]
name = "winapi-x86_64-pc-windows-gnu"
version = "0.4.0"
source = "registry+https://github.com/rust-lang/crates.io-index"
checksum = "712e227841d057c1ee1cd2fb22fa7e5a5461ae8e48fa2ca79ec42cfc1931183f"

[[package]]
name = "windows-sys"
version = "0.36.1"
source = "registry+https://github.com/rust-lang/crates.io-index"
checksum = "ea04155a16a59f9eab786fe12a4a450e75cdb175f9e0d80da1e17db09f55b8d2"
dependencies = [
 "windows_aarch64_msvc",
 "windows_i686_gnu",
 "windows_i686_msvc",
 "windows_x86_64_gnu",
 "windows_x86_64_msvc",
]

[[package]]
name = "windows_aarch64_msvc"
version = "0.36.1"
source = "registry+https://github.com/rust-lang/crates.io-index"
checksum = "9bb8c3fd39ade2d67e9874ac4f3db21f0d710bee00fe7cab16949ec184eeaa47"

[[package]]
name = "windows_i686_gnu"
version = "0.36.1"
source = "registry+https://github.com/rust-lang/crates.io-index"
checksum = "180e6ccf01daf4c426b846dfc66db1fc518f074baa793aa7d9b9aaeffad6a3b6"

[[package]]
name = "windows_i686_msvc"
version = "0.36.1"
source = "registry+https://github.com/rust-lang/crates.io-index"
checksum = "e2e7917148b2812d1eeafaeb22a97e4813dfa60a3f8f78ebe204bcc88f12f024"

[[package]]
name = "windows_x86_64_gnu"
version = "0.36.1"
source = "registry+https://github.com/rust-lang/crates.io-index"
checksum = "4dcd171b8776c41b97521e5da127a2d86ad280114807d0b2ab1e462bc764d9e1"

[[package]]
name = "windows_x86_64_msvc"
version = "0.36.1"
source = "registry+https://github.com/rust-lang/crates.io-index"
checksum = "c811ca4a8c853ef420abd8592ba53ddbbac90410fab6903b3e79972a631f7680"
